
Microsoft Visual Studio Solution File, Format Version 12.00
# Visual Studio Version 16
VisualStudioVersion = 16.0.32602.291
MinimumVisualStudioVersion = 10.0.40219.1
Project("{FAE04EC0-301F-11D3-BF4B-00C04F79EFBC}") = "Redis.Cache.API", "Redis.Cache.API\Redis.Cache.API.csproj", "{65FEB2A5-055E-4032-8674-21964947C80E}"
EndProject
Global
	GlobalSection(SolutionConfigurationPlatforms) = preSolution
		Debug|Any CPU = Debug|Any CPU
		Release|Any CPU = Release|Any CPU
	EndGlobalSection
	GlobalSection(ProjectConfigurationPlatforms) = postSolution
		{65FEB2A5-055E-4032-8674-21964947C80E}.Debug|Any CPU.ActiveCfg = Debug|Any CPU
		{65FEB2A5-055E-4032-8674-21964947C80E}.Debug|Any CPU.Build.0 = Debug|Any CPU
		{65FEB2A5-055E-4032-8674-21964947C80E}.Release|Any CPU.ActiveCfg = Release|Any CPU
		{65FEB2A5-055E-4032-8674-21964947C80E}.Release|Any CPU.Build.0 = Release|Any CPU
	EndGlobalSection
	GlobalSection(SolutionProperties) = preSolution
		HideSolutionNode = FALSE
	EndGlobalSection
	GlobalSection(ExtensibilityGlobals) = postSolution
		SolutionGuid = {C9F89A2F-1034-4150-AF6B-42A15176D828}
	EndGlobalSection
EndGlobal
